
Microsoft Visual Studio Solution File, Format Version 12.00
# Visual Studio Version 17
VisualStudioVersion = 17.8.34112.27
MinimumVisualStudioVersion = 10.0.40219.1
Project("{9A19103F-16F7-4668-BE54-9A1E7A4F7556}") = "SpeedProxy", "SpeedProxy.csproj", "{16960D0F-1536-4051-A7D5-AEDE376C4BA2}"
EndProject
Global
	GlobalSection(SolutionConfigurationPlatforms) = preSolution
		Debug|Any CPU = Debug|Any CPU
		Release|Any CPU = Release|Any CPU
	EndGlobalSection
	GlobalSection(ProjectConfigurationPlatforms) = postSolution
		{16960D0F-1536-4051-A7D5-AEDE376C4BA2}.Debug|Any CPU.ActiveCfg = Debug|Any CPU
		{16960D0F-1536-4051-A7D5-AEDE376C4BA2}.Debug|Any CPU.Build.0 = Debug|Any CPU
		{16960D0F-1536-4051-A7D5-AEDE376C4BA2}.Release|Any CPU.ActiveCfg = Release|Any CPU
		{16960D0F-1536-4051-A7D5-AEDE376C4BA2}.Release|Any CPU.Build.0 = Release|Any CPU
	EndGlobalSection
	GlobalSection(SolutionProperties) = preSolution
		HideSolutionNode = FALSE
	EndGlobalSection
	GlobalSection(ExtensibilityGlobals) = postSolution
		SolutionGuid = {CCF5F7F2-FC6A-428F-9052-1361750C7322}
	EndGlobalSection
EndGlobal
